// !$*UTF8*$!
{
	archiveVersion = 1;
	classes = {
	};
	objectVersion = 56;
	objects = {

/* Begin PBXBuildFile section */
		A10000010000000000000001 /* TomtopiaSaverView.swift in Sources */ = {isa = PBXBuildFile; fileRef = A10000020000000000000001 /* TomtopiaSaverView.swift */; };
		A10000010000000000000002 /* Resources in Resources */ = {isa = PBXBuildFile; fileRef = A10000020000000000000004 /* Resources */; };
/* End PBXBuildFile section */

/* Begin PBXFileReference section */
		A10000020000000000000001 /* TomtopiaSaverView.swift */ = {isa = PBXFileReference; lastKnownFileType = sourcecode.swift; path = TomtopiaSaverView.swift; sourceTree = "<group>"; };
		A10000020000000000000002 /* Info.plist */ = {isa = PBXFileReference; lastKnownFileType = text.plist.xml; path = Info.plist; sourceTree = "<group>"; };
		A10000020000000000000003 /* TomtopiaSaver.entitlements */ = {isa = PBXFileReference; lastKnownFileType = text.plist.entitlements; path = TomtopiaSaver.entitlements; sourceTree = "<group>"; };
		A10000020000000000000004 /* Resources */ = {isa = PBXFileReference; lastKnownFileType = folder; path = Resources; sourceTree = "<group>"; };
		A10000020000000000000010 /* TomtopiaSaver.saver */ = {isa = PBXFileReference; explicitFileType = wrapper.cfbundle; includeInIndex = 0; path = TomtopiaSaver.saver; sourceTree = BUILT_PRODUCTS_DIR; };
/* End PBXFileReference section */

/* Begin PBXFrameworksBuildPhase section */
		A10000030000000000000001 /* Frameworks */ = {
			isa = PBXFrameworksBuildPhase;
			buildActionMask = 2147483647;
			files = (
			);
			runOnlyForDeploymentPostprocessing = 0;
		};
/* End PBXFrameworksBuildPhase section */

/* Begin PBXGroup section */
		A10000040000000000000001 /* = */ = {
			isa = PBXGroup;
			children = (
				A10000040000000000000002 /* TomtopiaSaver */,
				A10000020000000000000004 /* Resources */,
				A10000040000000000000003 /* Products */,
			);
			sourceTree = "<group>";
		};
		A10000040000000000000002 /* TomtopiaSaver */ = {
			isa = PBXGroup;
			children = (
				A10000020000000000000001 /* TomtopiaSaverView.swift */,
				A10000020000000000000002 /* Info.plist */,
				A10000020000000000000003 /* TomtopiaSaver.entitlements */,
			);
			path = TomtopiaSaver;
			sourceTree = "<group>";
		};
		A10000040000000000000003 /* Products */ = {
			isa = PBXGroup;
			children = (
				A10000020000000000000010 /* TomtopiaSaver.saver */,
			);
			name = Products;
			sourceTree = "<group>";
		};
/* End PBXGroup section */

/* Begin PBXNativeTarget section */
		A10000050000000000000001 /* TomtopiaSaver */ = {
			isa = PBXNativeTarget;
			buildConfigurationList = A10000070000000000000003 /* Build configuration list for PBXNativeTarget "TomtopiaSaver" */;
			buildPhases = (
				A10000060000000000000001 /* Sources */,
				A10000030000000000000001 /* Frameworks */,
				A10000060000000000000002 /* Resources */,
			);
			buildRules = (
			);
			dependencies = (
			);
			name = TomtopiaSaver;
			productName = TomtopiaSaver;
			productReference = A10000020000000000000010 /* TomtopiaSaver.saver */;
			productType = "com.apple.product-type.bundle";
		};
/* End PBXNativeTarget section */

/* Begin PBXProject section */
		A10000080000000000000001 /* Project object */ = {
			isa = PBXProject;
			attributes = {
				BuildIndependentTargetsInParallel = 1;
				LastSwiftUpdateCheck = 1540;
				LastUpgradeCheck = 1540;
			};
			buildConfigurationList = A10000070000000000000001 /* Build configuration list for PBXProject "TomtopiaSaver" */;
			compatibilityVersion = "Xcode 14.0";
			developmentRegion = en;
			hasScannedForEncodings = 0;
			knownRegions = (
				en,
				Base,
			);
			mainGroup = A10000040000000000000001 /* = */;
			productRefGroup = A10000040000000000000003 /* Products */;
			projectDirPath = "";
			projectRoot = "";
			targets = (
				A10000050000000000000001 /* TomtopiaSaver */,
			);
		};
/* End PBXProject section */

/* Begin PBXResourcesBuildPhase section */
		A10000060000000000000002 /* Resources */ = {
			isa = PBXResourcesBuildPhase;
			buildActionMask = 2147483647;
			files = (
				A10000010000000000000002 /* Resources in Resources */,
			);
			runOnlyForDeploymentPostprocessing = 0;
		};
/* End PBXResourcesBuildPhase section */

/* Begin PBXSourcesBuildPhase section */
		A10000060000000000000001 /* Sources */ = {
			isa = PBXSourcesBuildPhase;
			buildActionMask = 2147483647;
			files = (
				A10000010000000000000001 /* TomtopiaSaverView.swift in Sources */,
			);
			runOnlyForDeploymentPostprocessing = 0;
		};
/* End PBXSourcesBuildPhase section */

/* Begin XCBuildConfiguration section */
		A10000090000000000000001 /* Debug */ = {
			isa = XCBuildConfiguration;
			buildSettings = {
				ALWAYS_SEARCH_USER_PATHS = NO;
				CLANG_ANALYZER_NONNULL = YES;
				CLANG_CXX_LANGUAGE_STANDARD = "gnu++20";
				CLANG_ENABLE_MODULES = YES;
				CLANG_ENABLE_OBJC_ARC = YES;
				COPY_PHASE_STRIP = NO;
				DEBUG_INFORMATION_FORMAT = dwarf;
				ENABLE_STRICT_OBJC_MSGSEND = YES;
				ENABLE_TESTABILITY = YES;
				GCC_C_LANGUAGE_STANDARD = gnu17;
				GCC_DYNAMIC_NO_PIC = NO;
				GCC_OPTIMIZATION_LEVEL = 0;
				GCC_WARN_ABOUT_RETURN_TYPE = YES_ERROR;
				GCC_WARN_UNINITIALIZED_AUTOS = YES_AGGRESSIVE;
				MACOSX_DEPLOYMENT_TARGET = 13.0;
				MTL_ENABLE_DEBUG_INFO = INCLUDE_SOURCE;
				ONLY_ACTIVE_ARCH = YES;
				SDKROOT = macosx;
				SWIFT_ACTIVE_COMPILATION_CONDITIONS = "DEBUG $(inherited)";
				SWIFT_OPTIMIZATION_LEVEL = "-Onone";
			};
			name = Debug;
		};
		A10000090000000000000002 /* Release */ = {
			isa = XCBuildConfiguration;
			buildSettings = {
				ALWAYS_SEARCH_USER_PATHS = NO;
				CLANG_ANALYZER_NONNULL = YES;
				CLANG_CXX_LANGUAGE_STANDARD = "gnu++20";
				CLANG_ENABLE_MODULES = YES;
				CLANG_ENABLE_OBJC_ARC = YES;
				COPY_PHASE_STRIP = NO;
				DEBUG_INFORMATION_FORMAT = "dwarf-with-dsym";
				ENABLE_NS_ASSERTIONS = NO;
				ENABLE_STRICT_OBJC_MSGSEND = YES;
				GCC_C_LANGUAGE_STANDARD = gnu17;
				GCC_WARN_ABOUT_RETURN_TYPE = YES_ERROR;
				GCC_WARN_UNINITIALIZED_AUTOS = YES_AGGRESSIVE;
				MACOSX_DEPLOYMENT_TARGET = 13.0;
				MTL_ENABLE_DEBUG_INFO = NO;
				SDKROOT = macosx;
				SWIFT_COMPILATION_MODE = wholemodule;
			};
			name = Release;
		};
		A10000090000000000000003 /* Debug */ = {
			isa = XCBuildConfiguration;
			buildSettings = {
				CODE_SIGN_ENTITLEMENTS = TomtopiaSaver/TomtopiaSaver.entitlements;
				CODE_SIGN_STYLE = Manual;
				COMBINE_HIDPI_IMAGES = YES;
				CURRENT_PROJECT_VERSION = 1;
				GENERATE_INFOPLIST_FILE = NO;
				INFOPLIST_FILE = TomtopiaSaver/Info.plist;
				INSTALL_PATH = "$(HOME)/Library/Screen Savers";
				MARKETING_VERSION = 1.0;
				PRODUCT_BUNDLE_IDENTIFIER = com.tomtopia.screensaver;
				PRODUCT_NAME = "$(TARGET_NAME)";
				SWIFT_VERSION = 5.0;
				WRAPPER_EXTENSION = saver;
			};
			name = Debug;
		};
		A10000090000000000000004 /* Release */ = {
			isa = XCBuildConfiguration;
			buildSettings = {
				CODE_SIGN_ENTITLEMENTS = TomtopiaSaver/TomtopiaSaver.entitlements;
				CODE_SIGN_STYLE = Manual;
				COMBINE_HIDPI_IMAGES = YES;
				CURRENT_PROJECT_VERSION = 1;
				GENERATE_INFOPLIST_FILE = NO;
				INFOPLIST_FILE = TomtopiaSaver/Info.plist;
				INSTALL_PATH = "$(HOME)/Library/Screen Savers";
				MARKETING_VERSION = 1.0;
				PRODUCT_BUNDLE_IDENTIFIER = com.tomtopia.screensaver;
				PRODUCT_NAME = "$(TARGET_NAME)";
				SWIFT_VERSION = 5.0;
				WRAPPER_EXTENSION = saver;
			};
			name = Release;
		};
/* End XCBuildConfiguration section */

/* Begin XCConfigurationList section */
		A10000070000000000000001 /* Build configuration list for PBXProject "TomtopiaSaver" */ = {
			isa = XCConfigurationList;
			buildConfigurations = (
				A10000090000000000000001 /* Debug */,
				A10000090000000000000002 /* Release */,
			);
			defaultConfigurationIsVisible = 0;
			defaultConfigurationName = Release;
		};
		A10000070000000000000003 /* Build configuration list for PBXNativeTarget "TomtopiaSaver" */ = {
			isa = XCConfigurationList;
			buildConfigurations = (
				A10000090000000000000003 /* Debug */,
				A10000090000000000000004 /* Release */,
			);
			defaultConfigurationIsVisible = 0;
			defaultConfigurationName = Release;
		};
/* End XCConfigurationList section */

	};
	rootObject = A10000080000000000000001 /* Project object */;
}
